
Microsoft Visual Studio Solution File, Format Version 12.00
# Visual Studio Version 17
VisualStudioVersion = 17.8.34330.188
MinimumVisualStudioVersion = 10.0.40219.1
Project("{9A19103F-16F7-4668-BE54-9A1E7A4F7556}") = "API_MortalKombat", "API_MortalKombat.csproj", "{EAADCCDF-042B-4470-9B90-A0C4A552F7AF}"
EndProject
Project("{FAE04EC0-301F-11D3-BF4B-00C04F79EFBC}") = "MORTALKOMBAT_FRONT", "..\MORTALKOMBAT_FRONT\MORTALKOMBAT_FRONT.csproj", "{B4BB2FDE-C101-4ABB-ADA5-CBC10ECE96EB}"
EndProject
Global
	GlobalSection(SolutionConfigurationPlatforms) = preSolution
		Debug|Any CPU = Debug|Any CPU
		Release|Any CPU = Release|Any CPU
	EndGlobalSection
	GlobalSection(ProjectConfigurationPlatforms) = postSolution
		{EAADCCDF-042B-4470-9B90-A0C4A552F7AF}.Debug|Any CPU.ActiveCfg = Debug|Any CPU
		{EAADCCDF-042B-4470-9B90-A0C4A552F7AF}.Debug|Any CPU.Build.0 = Debug|Any CPU
		{EAADCCDF-042B-4470-9B90-A0C4A552F7AF}.Release|Any CPU.ActiveCfg = Release|Any CPU
		{EAADCCDF-042B-4470-9B90-A0C4A552F7AF}.Release|Any CPU.Build.0 = Release|Any CPU
		{B4BB2FDE-C101-4ABB-ADA5-CBC10ECE96EB}.Debug|Any CPU.ActiveCfg = Debug|Any CPU
		{B4BB2FDE-C101-4ABB-ADA5-CBC10ECE96EB}.Debug|Any CPU.Build.0 = Debug|Any CPU
		{B4BB2FDE-C101-4ABB-ADA5-CBC10ECE96EB}.Release|Any CPU.ActiveCfg = Release|Any CPU
		{B4BB2FDE-C101-4ABB-ADA5-CBC10ECE96EB}.Release|Any CPU.Build.0 = Release|Any CPU
	EndGlobalSection
	GlobalSection(SolutionProperties) = preSolution
		HideSolutionNode = FALSE
	EndGlobalSection
	GlobalSection(ExtensibilityGlobals) = postSolution
		SolutionGuid = {2B7C4A61-2E58-42C3-A5C1-1A317599C587}
	EndGlobalSection
EndGlobal
